// !$*UTF8*$!
{
	archiveVersion = 1;
	classes = {
	};
	objectVersion = 48;
	objects = {

/* Begin PBXBuildFile section */
		491CBAC21FAF53FD00E34690 /* FlappyBirdViewController.swift in Sources */ = {isa = PBXBuildFile; fileRef = 491CBAC11FAF53FD00E34690 /* FlappyBirdViewController.swift */; };
		491CBAC41FAF543F00E34690 /* FlappyMainViewController.swift in Sources */ = {isa = PBXBuildFile; fileRef = 491CBAC31FAF543F00E34690 /* FlappyMainViewController.swift */; };
		494F1B021F9CE654002B6D6C /* HitAirplanViewController.swift in Sources */ = {isa = PBXBuildFile; fileRef = 494F1AF61F9CE654002B6D6C /* HitAirplanViewController.swift */; };
		494F1B031F9CE654002B6D6C /* BackgroundMapScrollView.swift in Sources */ = {isa = PBXBuildFile; fileRef = 494F1AF91F9CE654002B6D6C /* BackgroundMapScrollView.swift */; };
		494F1B041F9CE654002B6D6C /* ExplodeImageView.swift in Sources */ = {isa = PBXBuildFile; fileRef = 494F1AFA1F9CE654002B6D6C /* ExplodeImageView.swift */; };
		494F1B051F9CE654002B6D6C /* EnemyAirplanNormal.swift in Sources */ = {isa = PBXBuildFile; fileRef = 494F1AFC1F9CE654002B6D6C /* EnemyAirplanNormal.swift */; };
		494F1B061F9CE654002B6D6C /* MyAirplan.swift in Sources */ = {isa = PBXBuildFile; fileRef = 494F1AFE1F9CE654002B6D6C /* MyAirplan.swift */; };
		494F1B071F9CE654002B6D6C /* Shell.swift in Sources */ = {isa = PBXBuildFile; fileRef = 494F1B001F9CE654002B6D6C /* Shell.swift */; };
		494F1B081F9CE654002B6D6C /* SkillPackage.swift in Sources */ = {isa = PBXBuildFile; fileRef = 494F1B011F9CE654002B6D6C /* SkillPackage.swift */; };
		494F1B0A1F9CE6C6002B6D6C /* EnemyAirplanBig.swift in Sources */ = {isa = PBXBuildFile; fileRef = 494F1B091F9CE6C6002B6D6C /* EnemyAirplanBig.swift */; };
		494F1B0C1F9CE6DD002B6D6C /* EnemyAirplanSmall.swift in Sources */ = {isa = PBXBuildFile; fileRef = 494F1B0B1F9CE6DD002B6D6C /* EnemyAirplanSmall.swift */; };
		494F1B101F9D904E002B6D6C /* MenuView.swift in Sources */ = {isa = PBXBuildFile; fileRef = 494F1B0F1F9D904E002B6D6C /* MenuView.swift */; };
		495116151F8FB4BF00429417 /* AppDelegate.swift in Sources */ = {isa = PBXBuildFile; fileRef = 495116141F8FB4BF00429417 /* AppDelegate.swift */; };
		495116171F8FB4BF00429417 /* ViewController.swift in Sources */ = {isa = PBXBuildFile; fileRef = 495116161F8FB4BF00429417 /* ViewController.swift */; };
		4951161A1F8FB4BF00429417 /* Main.storyboard in Resources */ = {isa = PBXBuildFile; fileRef = 495116181F8FB4BF00429417 /* Main.storyboard */; };
		4951161C1F8FB4BF00429417 /* Assets.xcassets in Resources */ = {isa = PBXBuildFile; fileRef = 4951161B1F8FB4BF00429417 /* Assets.xcassets */; };
		4951161F1F8FB4BF00429417 /* LaunchScreen.storyboard in Resources */ = {isa = PBXBuildFile; fileRef = 4951161D1F8FB4BF00429417 /* LaunchScreen.storyboard */; };
		496163151FB491C4000715B7 /* TopBarrier.swift in Sources */ = {isa = PBXBuildFile; fileRef = 496163141FB491C4000715B7 /* TopBarrier.swift */; };
		496163171FB4921A000715B7 /* BottomBarrier.swift in Sources */ = {isa = PBXBuildFile; fileRef = 496163161FB4921A000715B7 /* BottomBarrier.swift */; };
		496163191FB49324000715B7 /* BarrierMain.swift in Sources */ = {isa = PBXBuildFile; fileRef = 496163181FB49324000715B7 /* BarrierMain.swift */; };
		499483A51FA8C49300A50FF8 /* EnemyShell.swift in Sources */ = {isa = PBXBuildFile; fileRef = 499483A41FA8C49300A50FF8 /* EnemyShell.swift */; };
		49A212C51F9F930500BE9947 /* EnemyAirplan.swift in Sources */ = {isa = PBXBuildFile; fileRef = 49A212C41F9F930500BE9947 /* EnemyAirplan.swift */; };
		49A212D31FA0364F00BE9947 /* WeaponPack.swift in Sources */ = {isa = PBXBuildFile; fileRef = 49A212D21FA0364F00BE9947 /* WeaponPack.swift */; };
		49A212D51FA0375100BE9947 /* WeaponPackAttackTwo.swift in Sources */ = {isa = PBXBuildFile; fileRef = 49A212D41FA0375100BE9947 /* WeaponPackAttackTwo.swift */; };
		49A212D71FA0378200BE9947 /* WeaponPackAttackThree.swift in Sources */ = {isa = PBXBuildFile; fileRef = 49A212D61FA0378200BE9947 /* WeaponPackAttackThree.swift */; };
		49A212D91FA0378F00BE9947 /* WeaponPackAttackUnclear.swift in Sources */ = {isa = PBXBuildFile; fileRef = 49A212D81FA0378F00BE9947 /* WeaponPackAttackUnclear.swift */; };
/* End PBXBuildFile section */

/* Begin PBXFileReference section */
		491CBAC11FAF53FD00E34690 /* FlappyBirdViewController.swift */ = {isa = PBXFileReference; lastKnownFileType = sourcecode.swift; path = FlappyBirdViewController.swift; sourceTree = "<group>"; };
		491CBAC31FAF543F00E34690 /* FlappyMainViewController.swift */ = {isa = PBXFileReference; lastKnownFileType = sourcecode.swift; path = FlappyMainViewController.swift; sourceTree = "<group>"; };
		494F1AF61F9CE654002B6D6C /* HitAirplanViewController.swift */ = {isa = PBXFileReference; fileEncoding = 4; lastKnownFileType = sourcecode.swift; path = HitAirplanViewController.swift; sourceTree = "<group>"; };
		494F1AF91F9CE654002B6D6C /* BackgroundMapScrollView.swift */ = {isa = PBXFileReference; fileEncoding = 4; lastKnownFileType = sourcecode.swift; path = BackgroundMapScrollView.swift; sourceTree = "<group>"; };
		494F1AFA1F9CE654002B6D6C /* ExplodeImageView.swift */ = {isa = PBXFileReference; fileEncoding = 4; lastKnownFileType = sourcecode.swift; path = ExplodeImageView.swift; sourceTree = "<group>"; };
		494F1AFC1F9CE654002B6D6C /* EnemyAirplanNormal.swift */ = {isa = PBXFileReference; fileEncoding = 4; lastKnownFileType = sourcecode.swift; path = EnemyAirplanNormal.swift; sourceTree = "<group>"; };
		494F1AFE1F9CE654002B6D6C /* MyAirplan.swift */ = {isa = PBXFileReference; fileEncoding = 4; lastKnownFileType = sourcecode.swift; path = MyAirplan.swift; sourceTree = "<group>"; };
		494F1B001F9CE654002B6D6C /* Shell.swift */ = {isa = PBXFileReference; fileEncoding = 4; lastKnownFileType = sourcecode.swift; path = Shell.swift; sourceTree = "<group>"; };
		494F1B011F9CE654002B6D6C /* SkillPackage.swift */ = {isa = PBXFileReference; fileEncoding = 4; lastKnownFileType = sourcecode.swift; path = SkillPackage.swift; sourceTree = "<group>"; };
		494F1B091F9CE6C6002B6D6C /* EnemyAirplanBig.swift */ = {isa = PBXFileReference; lastKnownFileType = sourcecode.swift; path = EnemyAirplanBig.swift; sourceTree = "<group>"; };
		494F1B0B1F9CE6DD002B6D6C /* EnemyAirplanSmall.swift */ = {isa = PBXFileReference; lastKnownFileType = sourcecode.swift; path = EnemyAirplanSmall.swift; sourceTree = "<group>"; };
		494F1B0F1F9D904E002B6D6C /* MenuView.swift */ = {isa = PBXFileReference; lastKnownFileType = sourcecode.swift; path = MenuView.swift; sourceTree = "<group>"; };
		495116111F8FB4BF00429417 /* SimpleGames.app */ = {isa = PBXFileReference; explicitFileType = wrapper.application; includeInIndex = 0; path = SimpleGames.app; sourceTree = BUILT_PRODUCTS_DIR; };
		495116141F8FB4BF00429417 /* AppDelegate.swift */ = {isa = PBXFileReference; lastKnownFileType = sourcecode.swift; path = AppDelegate.swift; sourceTree = "<group>"; };
		495116161F8FB4BF00429417 /* ViewController.swift */ = {isa = PBXFileReference; lastKnownFileType = sourcecode.swift; path = ViewController.swift; sourceTree = "<group>"; };
		495116191F8FB4BF00429417 /* Base */ = {isa = PBXFileReference; lastKnownFileType = file.storyboard; name = Base; path = Base.lproj/Main.storyboard; sourceTree = "<group>"; };
		4951161B1F8FB4BF00429417 /* Assets.xcassets */ = {isa = PBXFileReference; lastKnownFileType = folder.assetcatalog; path = Assets.xcassets; sourceTree = "<group>"; };
		4951161E1F8FB4BF00429417 /* Base */ = {isa = PBXFileReference; lastKnownFileType = file.storyboard; name = Base; path = Base.lproj/LaunchScreen.storyboard; sourceTree = "<group>"; };
		495116201F8FB4BF00429417 /* Info.plist */ = {isa = PBXFileReference; lastKnownFileType = text.plist.xml; path = Info.plist; sourceTree = "<group>"; };
		496163141FB491C4000715B7 /* TopBarrier.swift */ = {isa = PBXFileReference; lastKnownFileType = sourcecode.swift; path = TopBarrier.swift; sourceTree = "<group>"; };
		496163161FB4921A000715B7 /* BottomBarrier.swift */ = {isa = PBXFileReference; lastKnownFileType = sourcecode.swift; path = BottomBarrier.swift; sourceTree = "<group>"; };
		496163181FB49324000715B7 /* BarrierMain.swift */ = {isa = PBXFileReference; lastKnownFileType = sourcecode.swift; path = BarrierMain.swift; sourceTree = "<group>"; };
		499483A41FA8C49300A50FF8 /* EnemyShell.swift */ = {isa = PBXFileReference; lastKnownFileType = sourcecode.swift; path = EnemyShell.swift; sourceTree = "<group>"; };
		49A212C41F9F930500BE9947 /* EnemyAirplan.swift */ = {isa = PBXFileReference; lastKnownFileType = sourcecode.swift; path = EnemyAirplan.swift; sourceTree = "<group>"; };
		49A212D21FA0364F00BE9947 /* WeaponPack.swift */ = {isa = PBXFileReference; lastKnownFileType = sourcecode.swift; path = WeaponPack.swift; sourceTree = "<group>"; };
		49A212D41FA0375100BE9947 /* WeaponPackAttackTwo.swift */ = {isa = PBXFileReference; lastKnownFileType = sourcecode.swift; path = WeaponPackAttackTwo.swift; sourceTree = "<group>"; };
		49A212D61FA0378200BE9947 /* WeaponPackAttackThree.swift */ = {isa = PBXFileReference; lastKnownFileType = sourcecode.swift; path = WeaponPackAttackThree.swift; sourceTree = "<group>"; };
		49A212D81FA0378F00BE9947 /* WeaponPackAttackUnclear.swift */ = {isa = PBXFileReference; lastKnownFileType = sourcecode.swift; path = WeaponPackAttackUnclear.swift; sourceTree = "<group>"; };
/* End PBXFileReference section */

/* Begin PBXFrameworksBuildPhase section */
		4951160E1F8FB4BF00429417 /* Frameworks */ = {
			isa = PBXFrameworksBuildPhase;
			buildActionMask = 2147483647;
			files = (
			);
			runOnlyForDeploymentPostprocessing = 0;
		};
/* End PBXFrameworksBuildPhase section */

/* Begin PBXGroup section */
		491CBABD1FAF539700E34690 /* FlappyBird */ = {
			isa = PBXGroup;
			children = (
				491CBAC01FAF53C400E34690 /* Model */,
				491CBABF1FAF53BB00E34690 /* ViewController */,
				491CBABE1FAF53AF00E34690 /* View */,
			);
			path = FlappyBird;
			sourceTree = "<group>";
		};
		491CBABE1FAF53AF00E34690 /* View */ = {
			isa = PBXGroup;
			children = (
				496163181FB49324000715B7 /* BarrierMain.swift */,
				496163141FB491C4000715B7 /* TopBarrier.swift */,
				496163161FB4921A000715B7 /* BottomBarrier.swift */,
			);
			path = View;
			sourceTree = "<group>";
		};
		491CBABF1FAF53BB00E34690 /* ViewController */ = {
			isa = PBXGroup;
			children = (
				491CBAC31FAF543F00E34690 /* FlappyMainViewController.swift */,
				491CBAC11FAF53FD00E34690 /* FlappyBirdViewController.swift */,
			);
			path = ViewController;
			sourceTree = "<group>";
		};
		491CBAC01FAF53C400E34690 /* Model */ = {
			isa = PBXGroup;
			children = (
			);
			path = Model;
			sourceTree = "<group>";
		};
		494F1AF41F9CE654002B6D6C /* HitAriplan */ = {
			isa = PBXGroup;
			children = (
				494F1AF51F9CE654002B6D6C /* MainViewController */,
				494F1AF71F9CE654002B6D6C /* View */,
			);
			path = HitAriplan;
			sourceTree = "<group>";
		};
		494F1AF51F9CE654002B6D6C /* MainViewController */ = {
			isa = PBXGroup;
			children = (
				494F1AF61F9CE654002B6D6C /* HitAirplanViewController.swift */,
			);
			path = MainViewController;
			sourceTree = "<group>";
		};
		494F1AF71F9CE654002B6D6C /* View */ = {
			isa = PBXGroup;
			children = (
				494F1B0E1F9D9035002B6D6C /* Other */,
				494F1B0D1F9CE79F002B6D6C /* WeaponPackView */,
				494F1AF81F9CE654002B6D6C /* Background */,
				494F1AFB1F9CE654002B6D6C /* EnemyAirplan */,
				494F1AFD1F9CE654002B6D6C /* MyAirplan */,
				494F1AFF1F9CE654002B6D6C /* Shell */,
			);
			path = View;
			sourceTree = "<group>";
		};
		494F1AF81F9CE654002B6D6C /* Background */ = {
			isa = PBXGroup;
			children = (
				494F1AF91F9CE654002B6D6C /* BackgroundMapScrollView.swift */,
				494F1AFA1F9CE654002B6D6C /* ExplodeImageView.swift */,
			);
			path = Background;
			sourceTree = "<group>";
		};
		494F1AFB1F9CE654002B6D6C /* EnemyAirplan */ = {
			isa = PBXGroup;
			children = (
				49A212C41F9F930500BE9947 /* EnemyAirplan.swift */,
				494F1B0B1F9CE6DD002B6D6C /* EnemyAirplanSmall.swift */,
				494F1AFC1F9CE654002B6D6C /* EnemyAirplanNormal.swift */,
				494F1B091F9CE6C6002B6D6C /* EnemyAirplanBig.swift */,
				499483A41FA8C49300A50FF8 /* EnemyShell.swift */,
			);
			path = EnemyAirplan;
			sourceTree = "<group>";
		};
		494F1AFD1F9CE654002B6D6C /* MyAirplan */ = {
			isa = PBXGroup;
			children = (
				494F1AFE1F9CE654002B6D6C /* MyAirplan.swift */,
			);
			path = MyAirplan;
			sourceTree = "<group>";
		};
		494F1AFF1F9CE654002B6D6C /* Shell */ = {
			isa = PBXGroup;
			children = (
				494F1B001F9CE654002B6D6C /* Shell.swift */,
				494F1B011F9CE654002B6D6C /* SkillPackage.swift */,
			);
			path = Shell;
			sourceTree = "<group>";
		};
		494F1B0D1F9CE79F002B6D6C /* WeaponPackView */ = {
			isa = PBXGroup;
			children = (
				49A212D21FA0364F00BE9947 /* WeaponPack.swift */,
				49A212D41FA0375100BE9947 /* WeaponPackAttackTwo.swift */,
				49A212D61FA0378200BE9947 /* WeaponPackAttackThree.swift */,
				49A212D81FA0378F00BE9947 /* WeaponPackAttackUnclear.swift */,
			);
			path = WeaponPackView;
			sourceTree = "<group>";
		};
		494F1B0E1F9D9035002B6D6C /* Other */ = {
			isa = PBXGroup;
			children = (
				494F1B0F1F9D904E002B6D6C /* MenuView.swift */,
			);
			path = Other;
			sourceTree = "<group>";
		};
		495116081F8FB4BF00429417 = {
			isa = PBXGroup;
			children = (
				495116131F8FB4BF00429417 /* SimpleGames */,
				495116121F8FB4BF00429417 /* Products */,
			);
			sourceTree = "<group>";
		};
		495116121F8FB4BF00429417 /* Products */ = {
			isa = PBXGroup;
			children = (
				495116111F8FB4BF00429417 /* SimpleGames.app */,
			);
			name = Products;
			sourceTree = "<group>";
		};
		495116131F8FB4BF00429417 /* SimpleGames */ = {
			isa = PBXGroup;
			children = (
				495116141F8FB4BF00429417 /* AppDelegate.swift */,
				495116161F8FB4BF00429417 /* ViewController.swift */,
				491CBABD1FAF539700E34690 /* FlappyBird */,
				494F1AF41F9CE654002B6D6C /* HitAriplan */,
				495116181F8FB4BF00429417 /* Main.storyboard */,
				4951161B1F8FB4BF00429417 /* Assets.xcassets */,
				4951161D1F8FB4BF00429417 /* LaunchScreen.storyboard */,
				495116201F8FB4BF00429417 /* Info.plist */,
			);
			path = SimpleGames;
			sourceTree = "<group>";
		};
/* End PBXGroup section */

/* Begin PBXNativeTarget section */
		495116101F8FB4BF00429417 /* SimpleGames */ = {
			isa = PBXNativeTarget;
			buildConfigurationList = 495116231F8FB4BF00429417 /* Build configuration list for PBXNativeTarget "SimpleGames" */;
			buildPhases = (
				4951160D1F8FB4BF00429417 /* Sources */,
				4951160E1F8FB4BF00429417 /* Frameworks */,
				4951160F1F8FB4BF00429417 /* Resources */,
			);
			buildRules = (
			);
			dependencies = (
			);
			name = SimpleGames;
			productName = SimpleGames;
			productReference = 495116111F8FB4BF00429417 /* SimpleGames.app */;
			productType = "com.apple.product-type.application";
		};
/* End PBXNativeTarget section */

/* Begin PBXProject section */
		495116091F8FB4BF00429417 /* Project object */ = {
			isa = PBXProject;
			attributes = {
				LastSwiftUpdateCheck = 0900;
				LastUpgradeCheck = 0900;
				ORGANIZATIONNAME = liuqing;
				TargetAttributes = {
					495116101F8FB4BF00429417 = {
						CreatedOnToolsVersion = 9.0;
						ProvisioningStyle = Automatic;
					};
				};
			};
			buildConfigurationList = 4951160C1F8FB4BF00429417 /* Build configuration list for PBXProject "SimpleGames" */;
			compatibilityVersion = "Xcode 8.0";
			developmentRegion = en;
			hasScannedForEncodings = 0;
			knownRegions = (
				en,
				Base,
			);
			mainGroup = 495116081F8FB4BF00429417;
			productRefGroup = 495116121F8FB4BF00429417 /* Products */;
			projectDirPath = "";
			projectRoot = "";
			targets = (
				495116101F8FB4BF00429417 /* SimpleGames */,
			);
		};
/* End PBXProject section */

/* Begin PBXResourcesBuildPhase section */
		4951160F1F8FB4BF00429417 /* Resources */ = {
			isa = PBXResourcesBuildPhase;
			buildActionMask = 2147483647;
			files = (
				4951161F1F8FB4BF00429417 /* LaunchScreen.storyboard in Resources */,
				4951161C1F8FB4BF00429417 /* Assets.xcassets in Resources */,
				4951161A1F8FB4BF00429417 /* Main.storyboard in Resources */,
			);
			runOnlyForDeploymentPostprocessing = 0;
		};
/* End PBXResourcesBuildPhase section */

/* Begin PBXSourcesBuildPhase section */
		4951160D1F8FB4BF00429417 /* Sources */ = {
			isa = PBXSourcesBuildPhase;
			buildActionMask = 2147483647;
			files = (
				494F1B051F9CE654002B6D6C /* EnemyAirplanNormal.swift in Sources */,
				494F1B101F9D904E002B6D6C /* MenuView.swift in Sources */,
				496163171FB4921A000715B7 /* BottomBarrier.swift in Sources */,
				494F1B081F9CE654002B6D6C /* SkillPackage.swift in Sources */,
				49A212D31FA0364F00BE9947 /* WeaponPack.swift in Sources */,
				494F1B031F9CE654002B6D6C /* BackgroundMapScrollView.swift in Sources */,
				491CBAC41FAF543F00E34690 /* FlappyMainViewController.swift in Sources */,
				49A212D91FA0378F00BE9947 /* WeaponPackAttackUnclear.swift in Sources */,
				494F1B0C1F9CE6DD002B6D6C /* EnemyAirplanSmall.swift in Sources */,
				495116171F8FB4BF00429417 /* ViewController.swift in Sources */,
				495116151F8FB4BF00429417 /* AppDelegate.swift in Sources */,
				499483A51FA8C49300A50FF8 /* EnemyShell.swift in Sources */,
				494F1B0A1F9CE6C6002B6D6C /* EnemyAirplanBig.swift in Sources */,
				496163151FB491C4000715B7 /* TopBarrier.swift in Sources */,
				494F1B041F9CE654002B6D6C /* ExplodeImageView.swift in Sources */,
				496163191FB49324000715B7 /* BarrierMain.swift in Sources */,
				491CBAC21FAF53FD00E34690 /* FlappyBirdViewController.swift in Sources */,
				494F1B061F9CE654002B6D6C /* MyAirplan.swift in Sources */,
				49A212D51FA0375100BE9947 /* WeaponPackAttackTwo.swift in Sources */,
				494F1B071F9CE654002B6D6C /* Shell.swift in Sources */,
				494F1B021F9CE654002B6D6C /* HitAirplanViewController.swift in Sources */,
				49A212C51F9F930500BE9947 /* EnemyAirplan.swift in Sources */,
				49A212D71FA0378200BE9947 /* WeaponPackAttackThree.swift in Sources */,
			);
			runOnlyForDeploymentPostprocessing = 0;
		};
/* End PBXSourcesBuildPhase section */

/* Begin PBXVariantGroup section */
		495116181F8FB4BF00429417 /* Main.storyboard */ = {
			isa = PBXVariantGroup;
			children = (
				495116191F8FB4BF00429417 /* Base */,
			);
			name = Main.storyboard;
			sourceTree = "<group>";
		};
		4951161D1F8FB4BF00429417 /* LaunchScreen.storyboard */ = {
			isa = PBXVariantGroup;
			children = (
				4951161E1F8FB4BF00429417 /* Base */,
			);
			name = LaunchScreen.storyboard;
			sourceTree = "<group>";
		};
/* End PBXVariantGroup section */

/* Begin XCBuildConfiguration section */
		495116211F8FB4BF00429417 /* Debug */ = {
			isa = XCBuildConfiguration;
			buildSettings = {
				ALWAYS_SEARCH_USER_PATHS = NO;
				CLANG_ANALYZER_NONNULL = YES;
				CLANG_ANALYZER_NUMBER_OBJECT_CONVERSION = YES_AGGRESSIVE;
				CLANG_CXX_LANGUAGE_STANDARD = "gnu++14";
				CLANG_CXX_LIBRARY = "libc++";
				CLANG_ENABLE_MODULES = YES;
				CLANG_ENABLE_OBJC_ARC = YES;
				CLANG_WARN_BLOCK_CAPTURE_AUTORELEASING = YES;
				CLANG_WARN_BOOL_CONVERSION = YES;
				CLANG_WARN_COMMA = YES;
				CLANG_WARN_CONSTANT_CONVERSION = YES;
				CLANG_WARN_DIRECT_OBJC_ISA_USAGE = YES_ERROR;
				CLANG_WARN_DOCUMENTATION_COMMENTS = YES;
				CLANG_WARN_EMPTY_BODY = YES;
				CLANG_WARN_ENUM_CONVERSION = YES;
				CLANG_WARN_INFINITE_RECURSION = YES;
				CLANG_WARN_INT_CONVERSION = YES;
				CLANG_WARN_NON_LITERAL_NULL_CONVERSION = YES;
				CLANG_WARN_OBJC_LITERAL_CONVERSION = YES;
				CLANG_WARN_OBJC_ROOT_CLASS = YES_ERROR;
				CLANG_WARN_RANGE_LOOP_ANALYSIS = YES;
				CLANG_WARN_STRICT_PROTOTYPES = YES;
				CLANG_WARN_SUSPICIOUS_MOVE = YES;
				CLANG_WARN_UNGUARDED_AVAILABILITY = YES_AGGRESSIVE;
				CLANG_WARN_UNREACHABLE_CODE = YES;
				CLANG_WARN__DUPLICATE_METHOD_MATCH = YES;
				CODE_SIGN_IDENTITY = "iPhone Developer";
				COPY_PHASE_STRIP = NO;
				DEBUG_INFORMATION_FORMAT = dwarf;
				ENABLE_STRICT_OBJC_MSGSEND = YES;
				ENABLE_TESTABILITY = YES;
				GCC_C_LANGUAGE_STANDARD = gnu11;
				GCC_DYNAMIC_NO_PIC = NO;
				GCC_NO_COMMON_BLOCKS = YES;
				GCC_OPTIMIZATION_LEVEL = 0;
				GCC_PREPROCESSOR_DEFINITIONS = (
					"DEBUG=1",
					"$(inherited)",
				);
				GCC_WARN_64_TO_32_BIT_CONVERSION = YES;
				GCC_WARN_ABOUT_RETURN_TYPE = YES_ERROR;
				GCC_WARN_UNDECLARED_SELECTOR = YES;
				GCC_WARN_UNINITIALIZED_AUTOS = YES_AGGRESSIVE;
				GCC_WARN_UNUSED_FUNCTION = YES;
				GCC_WARN_UNUSED_VARIABLE = YES;
				IPHONEOS_DEPLOYMENT_TARGET = 11.0;
				MTL_ENABLE_DEBUG_INFO = YES;
				ONLY_ACTIVE_ARCH = YES;
				SDKROOT = iphoneos;
				SWIFT_ACTIVE_COMPILATION_CONDITIONS = DEBUG;
				SWIFT_OPTIMIZATION_LEVEL = "-Onone";
			};
			name = Debug;
		};
		495116221F8FB4BF00429417 /* Release */ = {
			isa = XCBuildConfiguration;
			buildSettings = {
				ALWAYS_SEARCH_USER_PATHS = NO;
				CLANG_ANALYZER_NONNULL = YES;
				CLANG_ANALYZER_NUMBER_OBJECT_CONVERSION = YES_AGGRESSIVE;
				CLANG_CXX_LANGUAGE_STANDARD = "gnu++14";
				CLANG_CXX_LIBRARY = "libc++";
				CLANG_ENABLE_MODULES = YES;
				CLANG_ENABLE_OBJC_ARC = YES;
				CLANG_WARN_BLOCK_CAPTURE_AUTORELEASING = YES;
				CLANG_WARN_BOOL_CONVERSION = YES;
				CLANG_WARN_COMMA = YES;
				CLANG_WARN_CONSTANT_CONVERSION = YES;
				CLANG_WARN_DIRECT_OBJC_ISA_USAGE = YES_ERROR;
				CLANG_WARN_DOCUMENTATION_COMMENTS = YES;
				CLANG_WARN_EMPTY_BODY = YES;
				CLANG_WARN_ENUM_CONVERSION = YES;
				CLANG_WARN_INFINITE_RECURSION = YES;
				CLANG_WARN_INT_CONVERSION = YES;
				CLANG_WARN_NON_LITERAL_NULL_CONVERSION = YES;
				CLANG_WARN_OBJC_LITERAL_CONVERSION = YES;
				CLANG_WARN_OBJC_ROOT_CLASS = YES_ERROR;
				CLANG_WARN_RANGE_LOOP_ANALYSIS = YES;
				CLANG_WARN_STRICT_PROTOTYPES = YES;
				CLANG_WARN_SUSPICIOUS_MOVE = YES;
				CLANG_WARN_UNGUARDED_AVAILABILITY = YES_AGGRESSIVE;
				CLANG_WARN_UNREACHABLE_CODE = YES;
				CLANG_WARN__DUPLICATE_METHOD_MATCH = YES;
				CODE_SIGN_IDENTITY = "iPhone Developer";
				COPY_PHASE_STRIP = NO;
				DEBUG_INFORMATION_FORMAT = "dwarf-with-dsym";
				ENABLE_NS_ASSERTIONS = NO;
				ENABLE_STRICT_OBJC_MSGSEND = YES;
				GCC_C_LANGUAGE_STANDARD = gnu11;
				GCC_NO_COMMON_BLOCKS = YES;
				GCC_WARN_64_TO_32_BIT_CONVERSION = YES;
				GCC_WARN_ABOUT_RETURN_TYPE = YES_ERROR;
				GCC_WARN_UNDECLARED_SELECTOR = YES;
				GCC_WARN_UNINITIALIZED_AUTOS = YES_AGGRESSIVE;
				GCC_WARN_UNUSED_FUNCTION = YES;
				GCC_WARN_UNUSED_VARIABLE = YES;
				IPHONEOS_DEPLOYMENT_TARGET = 11.0;
				MTL_ENABLE_DEBUG_INFO = NO;
				SDKROOT = iphoneos;
				SWIFT_OPTIMIZATION_LEVEL = "-Owholemodule";
				VALIDATE_PRODUCT = YES;
			};
			name = Release;
		};
		495116241F8FB4BF00429417 /* Debug */ = {
			isa = XCBuildConfiguration;
			buildSettings = {
				ASSETCATALOG_COMPILER_APPICON_NAME = AppIcon;
				CODE_SIGN_STYLE = Automatic;
				DEVELOPMENT_TEAM = NBL9PB7UR2;
				INFOPLIST_FILE = SimpleGames/Info.plist;
				IPHONEOS_DEPLOYMENT_TARGET = 10.0;
				LD_RUNPATH_SEARCH_PATHS = "$(inherited) @executable_path/Frameworks";
				PRODUCT_BUNDLE_IDENTIFIER = liuqing.SimpleGames;
				PRODUCT_NAME = "$(TARGET_NAME)";
				SWIFT_VERSION = 4.0;
				TARGETED_DEVICE_FAMILY = 1;
			};
			name = Debug;
		};
		495116251F8FB4BF00429417 /* Release */ = {
			isa = XCBuildConfiguration;
			buildSettings = {
				ASSETCATALOG_COMPILER_APPICON_NAME = AppIcon;
				CODE_SIGN_STYLE = Automatic;
				DEVELOPMENT_TEAM = NBL9PB7UR2;
				INFOPLIST_FILE = SimpleGames/Info.plist;
				IPHONEOS_DEPLOYMENT_TARGET = 10.0;
				LD_RUNPATH_SEARCH_PATHS = "$(inherited) @executable_path/Frameworks";
				PRODUCT_BUNDLE_IDENTIFIER = liuqing.SimpleGames;
				PRODUCT_NAME = "$(TARGET_NAME)";
				SWIFT_VERSION = 4.0;
				TARGETED_DEVICE_FAMILY = 1;
			};
			name = Release;
		};
/* End XCBuildConfiguration section */

/* Begin XCConfigurationList section */
		4951160C1F8FB4BF00429417 /* Build configuration list for PBXProject "SimpleGames" */ = {
			isa = XCConfigurationList;
			buildConfigurations = (
				495116211F8FB4BF00429417 /* Debug */,
				495116221F8FB4BF00429417 /* Release */,
			);
			defaultConfigurationIsVisible = 0;
			defaultConfigurationName = Release;
		};
		495116231F8FB4BF00429417 /* Build configuration list for PBXNativeTarget "SimpleGames" */ = {
			isa = XCConfigurationList;
			buildConfigurations = (
				495116241F8FB4BF00429417 /* Debug */,
				495116251F8FB4BF00429417 /* Release */,
			);
			defaultConfigurationIsVisible = 0;
			defaultConfigurationName = Release;
		};
/* End XCConfigurationList section */
	};
	rootObject = 495116091F8FB4BF00429417 /* Project object */;
}
