// !$*UTF8*$!
{
	archiveVersion = 1;
	classes = {
	};
	objectVersion = 48;
	objects = {

/* Begin PBXBuildFile section */
		4937C03C1F94A6AF00C95EC6 /* BackgroundMapScrollView.swift in Sources */ = {isa = PBXBuildFile; fileRef = 4937C03B1F94A6AF00C95EC6 /* BackgroundMapScrollView.swift */; };
		495116151F8FB4BF00429417 /* AppDelegate.swift in Sources */ = {isa = PBXBuildFile; fileRef = 495116141F8FB4BF00429417 /* AppDelegate.swift */; };
		495116171F8FB4BF00429417 /* ViewController.swift in Sources */ = {isa = PBXBuildFile; fileRef = 495116161F8FB4BF00429417 /* ViewController.swift */; };
		4951161A1F8FB4BF00429417 /* Main.storyboard in Resources */ = {isa = PBXBuildFile; fileRef = 495116181F8FB4BF00429417 /* Main.storyboard */; };
		4951161C1F8FB4BF00429417 /* Assets.xcassets in Resources */ = {isa = PBXBuildFile; fileRef = 4951161B1F8FB4BF00429417 /* Assets.xcassets */; };
		4951161F1F8FB4BF00429417 /* LaunchScreen.storyboard in Resources */ = {isa = PBXBuildFile; fileRef = 4951161D1F8FB4BF00429417 /* LaunchScreen.storyboard */; };
		496BA1C91F923A22002E6EB6 /* HitAirplanViewController.swift in Sources */ = {isa = PBXBuildFile; fileRef = 496BA1C81F923A22002E6EB6 /* HitAirplanViewController.swift */; };
		496BA1CB1F925A58002E6EB6 /* EnemyAirplan.swift in Sources */ = {isa = PBXBuildFile; fileRef = 496BA1CA1F925A58002E6EB6 /* EnemyAirplan.swift */; };
		496BA1CD1F9313BF002E6EB6 /* MyAirplan.swift in Sources */ = {isa = PBXBuildFile; fileRef = 496BA1CC1F9313BF002E6EB6 /* MyAirplan.swift */; };
		496BA1CF1F93195C002E6EB6 /* Shell.swift in Sources */ = {isa = PBXBuildFile; fileRef = 496BA1CE1F93195C002E6EB6 /* Shell.swift */; };
/* End PBXBuildFile section */

/* Begin PBXFileReference section */
		4937C03B1F94A6AF00C95EC6 /* BackgroundMapScrollView.swift */ = {isa = PBXFileReference; lastKnownFileType = sourcecode.swift; path = BackgroundMapScrollView.swift; sourceTree = "<group>"; };
		495116111F8FB4BF00429417 /* SimpleGames.app */ = {isa = PBXFileReference; explicitFileType = wrapper.application; includeInIndex = 0; path = SimpleGames.app; sourceTree = BUILT_PRODUCTS_DIR; };
		495116141F8FB4BF00429417 /* AppDelegate.swift */ = {isa = PBXFileReference; lastKnownFileType = sourcecode.swift; path = AppDelegate.swift; sourceTree = "<group>"; };
		495116161F8FB4BF00429417 /* ViewController.swift */ = {isa = PBXFileReference; lastKnownFileType = sourcecode.swift; path = ViewController.swift; sourceTree = "<group>"; };
		495116191F8FB4BF00429417 /* Base */ = {isa = PBXFileReference; lastKnownFileType = file.storyboard; name = Base; path = Base.lproj/Main.storyboard; sourceTree = "<group>"; };
		4951161B1F8FB4BF00429417 /* Assets.xcassets */ = {isa = PBXFileReference; lastKnownFileType = folder.assetcatalog; path = Assets.xcassets; sourceTree = "<group>"; };
		4951161E1F8FB4BF00429417 /* Base */ = {isa = PBXFileReference; lastKnownFileType = file.storyboard; name = Base; path = Base.lproj/LaunchScreen.storyboard; sourceTree = "<group>"; };
		495116201F8FB4BF00429417 /* Info.plist */ = {isa = PBXFileReference; lastKnownFileType = text.plist.xml; path = Info.plist; sourceTree = "<group>"; };
		496BA1C81F923A22002E6EB6 /* HitAirplanViewController.swift */ = {isa = PBXFileReference; lastKnownFileType = sourcecode.swift; path = HitAirplanViewController.swift; sourceTree = "<group>"; };
		496BA1CA1F925A58002E6EB6 /* EnemyAirplan.swift */ = {isa = PBXFileReference; lastKnownFileType = sourcecode.swift; path = EnemyAirplan.swift; sourceTree = "<group>"; };
		496BA1CC1F9313BF002E6EB6 /* MyAirplan.swift */ = {isa = PBXFileReference; lastKnownFileType = sourcecode.swift; path = MyAirplan.swift; sourceTree = "<group>"; };
		496BA1CE1F93195C002E6EB6 /* Shell.swift */ = {isa = PBXFileReference; lastKnownFileType = sourcecode.swift; path = Shell.swift; sourceTree = "<group>"; };
/* End PBXFileReference section */

/* Begin PBXFrameworksBuildPhase section */
		4951160E1F8FB4BF00429417 /* Frameworks */ = {
			isa = PBXFrameworksBuildPhase;
			buildActionMask = 2147483647;
			files = (
			);
			runOnlyForDeploymentPostprocessing = 0;
		};
/* End PBXFrameworksBuildPhase section */

/* Begin PBXGroup section */
		495116081F8FB4BF00429417 = {
			isa = PBXGroup;
			children = (
				495116131F8FB4BF00429417 /* SimpleGames */,
				495116121F8FB4BF00429417 /* Products */,
			);
			sourceTree = "<group>";
		};
		495116121F8FB4BF00429417 /* Products */ = {
			isa = PBXGroup;
			children = (
				495116111F8FB4BF00429417 /* SimpleGames.app */,
			);
			name = Products;
			sourceTree = "<group>";
		};
		495116131F8FB4BF00429417 /* SimpleGames */ = {
			isa = PBXGroup;
			children = (
				495116141F8FB4BF00429417 /* AppDelegate.swift */,
				495116161F8FB4BF00429417 /* ViewController.swift */,
				496BA1C71F9239FC002E6EB6 /* HitAriplan */,
				495116181F8FB4BF00429417 /* Main.storyboard */,
				4951161B1F8FB4BF00429417 /* Assets.xcassets */,
				4951161D1F8FB4BF00429417 /* LaunchScreen.storyboard */,
				495116201F8FB4BF00429417 /* Info.plist */,
			);
			path = SimpleGames;
			sourceTree = "<group>";
		};
		496BA1C71F9239FC002E6EB6 /* HitAriplan */ = {
			isa = PBXGroup;
			children = (
				496BA1C81F923A22002E6EB6 /* HitAirplanViewController.swift */,
				4937C03B1F94A6AF00C95EC6 /* BackgroundMapScrollView.swift */,
				496BA1CA1F925A58002E6EB6 /* EnemyAirplan.swift */,
				496BA1CC1F9313BF002E6EB6 /* MyAirplan.swift */,
				496BA1CE1F93195C002E6EB6 /* Shell.swift */,
			);
			path = HitAriplan;
			sourceTree = "<group>";
		};
/* End PBXGroup section */

/* Begin PBXNativeTarget section */
		495116101F8FB4BF00429417 /* SimpleGames */ = {
			isa = PBXNativeTarget;
			buildConfigurationList = 495116231F8FB4BF00429417 /* Build configuration list for PBXNativeTarget "SimpleGames" */;
			buildPhases = (
				4951160D1F8FB4BF00429417 /* Sources */,
				4951160E1F8FB4BF00429417 /* Frameworks */,
				4951160F1F8FB4BF00429417 /* Resources */,
			);
			buildRules = (
			);
			dependencies = (
			);
			name = SimpleGames;
			productName = SimpleGames;
			productReference = 495116111F8FB4BF00429417 /* SimpleGames.app */;
			productType = "com.apple.product-type.application";
		};
/* End PBXNativeTarget section */

/* Begin PBXProject section */
		495116091F8FB4BF00429417 /* Project object */ = {
			isa = PBXProject;
			attributes = {
				LastSwiftUpdateCheck = 0900;
				LastUpgradeCheck = 0900;
				ORGANIZATIONNAME = liuqing;
				TargetAttributes = {
					495116101F8FB4BF00429417 = {
						CreatedOnToolsVersion = 9.0;
						ProvisioningStyle = Automatic;
					};
				};
			};
			buildConfigurationList = 4951160C1F8FB4BF00429417 /* Build configuration list for PBXProject "SimpleGames" */;
			compatibilityVersion = "Xcode 8.0";
			developmentRegion = en;
			hasScannedForEncodings = 0;
			knownRegions = (
				en,
				Base,
			);
			mainGroup = 495116081F8FB4BF00429417;
			productRefGroup = 495116121F8FB4BF00429417 /* Products */;
			projectDirPath = "";
			projectRoot = "";
			targets = (
				495116101F8FB4BF00429417 /* SimpleGames */,
			);
		};
/* End PBXProject section */

/* Begin PBXResourcesBuildPhase section */
		4951160F1F8FB4BF00429417 /* Resources */ = {
			isa = PBXResourcesBuildPhase;
			buildActionMask = 2147483647;
			files = (
				4951161F1F8FB4BF00429417 /* LaunchScreen.storyboard in Resources */,
				4951161C1F8FB4BF00429417 /* Assets.xcassets in Resources */,
				4951161A1F8FB4BF00429417 /* Main.storyboard in Resources */,
			);
			runOnlyForDeploymentPostprocessing = 0;
		};
/* End PBXResourcesBuildPhase section */

/* Begin PBXSourcesBuildPhase section */
		4951160D1F8FB4BF00429417 /* Sources */ = {
			isa = PBXSourcesBuildPhase;
			buildActionMask = 2147483647;
			files = (
				495116171F8FB4BF00429417 /* ViewController.swift in Sources */,
				4937C03C1F94A6AF00C95EC6 /* BackgroundMapScrollView.swift in Sources */,
				495116151F8FB4BF00429417 /* AppDelegate.swift in Sources */,
				496BA1CB1F925A58002E6EB6 /* EnemyAirplan.swift in Sources */,
				496BA1C91F923A22002E6EB6 /* HitAirplanViewController.swift in Sources */,
				496BA1CD1F9313BF002E6EB6 /* MyAirplan.swift in Sources */,
				496BA1CF1F93195C002E6EB6 /* Shell.swift in Sources */,
			);
			runOnlyForDeploymentPostprocessing = 0;
		};
/* End PBXSourcesBuildPhase section */

/* Begin PBXVariantGroup section */
		495116181F8FB4BF00429417 /* Main.storyboard */ = {
			isa = PBXVariantGroup;
			children = (
				495116191F8FB4BF00429417 /* Base */,
			);
			name = Main.storyboard;
			sourceTree = "<group>";
		};
		4951161D1F8FB4BF00429417 /* LaunchScreen.storyboard */ = {
			isa = PBXVariantGroup;
			children = (
				4951161E1F8FB4BF00429417 /* Base */,
			);
			name = LaunchScreen.storyboard;
			sourceTree = "<group>";
		};
/* End PBXVariantGroup section */

/* Begin XCBuildConfiguration section */
		495116211F8FB4BF00429417 /* Debug */ = {
			isa = XCBuildConfiguration;
			buildSettings = {
				ALWAYS_SEARCH_USER_PATHS = NO;
				CLANG_ANALYZER_NONNULL = YES;
				CLANG_ANALYZER_NUMBER_OBJECT_CONVERSION = YES_AGGRESSIVE;
				CLANG_CXX_LANGUAGE_STANDARD = "gnu++14";
				CLANG_CXX_LIBRARY = "libc++";
				CLANG_ENABLE_MODULES = YES;
				CLANG_ENABLE_OBJC_ARC = YES;
				CLANG_WARN_BLOCK_CAPTURE_AUTORELEASING = YES;
				CLANG_WARN_BOOL_CONVERSION = YES;
				CLANG_WARN_COMMA = YES;
				CLANG_WARN_CONSTANT_CONVERSION = YES;
				CLANG_WARN_DIRECT_OBJC_ISA_USAGE = YES_ERROR;
				CLANG_WARN_DOCUMENTATION_COMMENTS = YES;
				CLANG_WARN_EMPTY_BODY = YES;
				CLANG_WARN_ENUM_CONVERSION = YES;
				CLANG_WARN_INFINITE_RECURSION = YES;
				CLANG_WARN_INT_CONVERSION = YES;
				CLANG_WARN_NON_LITERAL_NULL_CONVERSION = YES;
				CLANG_WARN_OBJC_LITERAL_CONVERSION = YES;
				CLANG_WARN_OBJC_ROOT_CLASS = YES_ERROR;
				CLANG_WARN_RANGE_LOOP_ANALYSIS = YES;
				CLANG_WARN_STRICT_PROTOTYPES = YES;
				CLANG_WARN_SUSPICIOUS_MOVE = YES;
				CLANG_WARN_UNGUARDED_AVAILABILITY = YES_AGGRESSIVE;
				CLANG_WARN_UNREACHABLE_CODE = YES;
				CLANG_WARN__DUPLICATE_METHOD_MATCH = YES;
				CODE_SIGN_IDENTITY = "iPhone Developer";
				COPY_PHASE_STRIP = NO;
				DEBUG_INFORMATION_FORMAT = dwarf;
				ENABLE_STRICT_OBJC_MSGSEND = YES;
				ENABLE_TESTABILITY = YES;
				GCC_C_LANGUAGE_STANDARD = gnu11;
				GCC_DYNAMIC_NO_PIC = NO;
				GCC_NO_COMMON_BLOCKS = YES;
				GCC_OPTIMIZATION_LEVEL = 0;
				GCC_PREPROCESSOR_DEFINITIONS = (
					"DEBUG=1",
					"$(inherited)",
				);
				GCC_WARN_64_TO_32_BIT_CONVERSION = YES;
				GCC_WARN_ABOUT_RETURN_TYPE = YES_ERROR;
				GCC_WARN_UNDECLARED_SELECTOR = YES;
				GCC_WARN_UNINITIALIZED_AUTOS = YES_AGGRESSIVE;
				GCC_WARN_UNUSED_FUNCTION = YES;
				GCC_WARN_UNUSED_VARIABLE = YES;
				IPHONEOS_DEPLOYMENT_TARGET = 11.0;
				MTL_ENABLE_DEBUG_INFO = YES;
				ONLY_ACTIVE_ARCH = YES;
				SDKROOT = iphoneos;
				SWIFT_ACTIVE_COMPILATION_CONDITIONS = DEBUG;
				SWIFT_OPTIMIZATION_LEVEL = "-Onone";
			};
			name = Debug;
		};
		495116221F8FB4BF00429417 /* Release */ = {
			isa = XCBuildConfiguration;
			buildSettings = {
				ALWAYS_SEARCH_USER_PATHS = NO;
				CLANG_ANALYZER_NONNULL = YES;
				CLANG_ANALYZER_NUMBER_OBJECT_CONVERSION = YES_AGGRESSIVE;
				CLANG_CXX_LANGUAGE_STANDARD = "gnu++14";
				CLANG_CXX_LIBRARY = "libc++";
				CLANG_ENABLE_MODULES = YES;
				CLANG_ENABLE_OBJC_ARC = YES;
				CLANG_WARN_BLOCK_CAPTURE_AUTORELEASING = YES;
				CLANG_WARN_BOOL_CONVERSION = YES;
				CLANG_WARN_COMMA = YES;
				CLANG_WARN_CONSTANT_CONVERSION = YES;
				CLANG_WARN_DIRECT_OBJC_ISA_USAGE = YES_ERROR;
				CLANG_WARN_DOCUMENTATION_COMMENTS = YES;
				CLANG_WARN_EMPTY_BODY = YES;
				CLANG_WARN_ENUM_CONVERSION = YES;
				CLANG_WARN_INFINITE_RECURSION = YES;
				CLANG_WARN_INT_CONVERSION = YES;
				CLANG_WARN_NON_LITERAL_NULL_CONVERSION = YES;
				CLANG_WARN_OBJC_LITERAL_CONVERSION = YES;
				CLANG_WARN_OBJC_ROOT_CLASS = YES_ERROR;
				CLANG_WARN_RANGE_LOOP_ANALYSIS = YES;
				CLANG_WARN_STRICT_PROTOTYPES = YES;
				CLANG_WARN_SUSPICIOUS_MOVE = YES;
				CLANG_WARN_UNGUARDED_AVAILABILITY = YES_AGGRESSIVE;
				CLANG_WARN_UNREACHABLE_CODE = YES;
				CLANG_WARN__DUPLICATE_METHOD_MATCH = YES;
				CODE_SIGN_IDENTITY = "iPhone Developer";
				COPY_PHASE_STRIP = NO;
				DEBUG_INFORMATION_FORMAT = "dwarf-with-dsym";
				ENABLE_NS_ASSERTIONS = NO;
				ENABLE_STRICT_OBJC_MSGSEND = YES;
				GCC_C_LANGUAGE_STANDARD = gnu11;
				GCC_NO_COMMON_BLOCKS = YES;
				GCC_WARN_64_TO_32_BIT_CONVERSION = YES;
				GCC_WARN_ABOUT_RETURN_TYPE = YES_ERROR;
				GCC_WARN_UNDECLARED_SELECTOR = YES;
				GCC_WARN_UNINITIALIZED_AUTOS = YES_AGGRESSIVE;
				GCC_WARN_UNUSED_FUNCTION = YES;
				GCC_WARN_UNUSED_VARIABLE = YES;
				IPHONEOS_DEPLOYMENT_TARGET = 11.0;
				MTL_ENABLE_DEBUG_INFO = NO;
				SDKROOT = iphoneos;
				SWIFT_OPTIMIZATION_LEVEL = "-Owholemodule";
				VALIDATE_PRODUCT = YES;
			};
			name = Release;
		};
		495116241F8FB4BF00429417 /* Debug */ = {
			isa = XCBuildConfiguration;
			buildSettings = {
				ASSETCATALOG_COMPILER_APPICON_NAME = AppIcon;
				CODE_SIGN_STYLE = Automatic;
				DEVELOPMENT_TEAM = NBL9PB7UR2;
				INFOPLIST_FILE = SimpleGames/Info.plist;
				IPHONEOS_DEPLOYMENT_TARGET = 10.0;
				LD_RUNPATH_SEARCH_PATHS = "$(inherited) @executable_path/Frameworks";
				PRODUCT_BUNDLE_IDENTIFIER = liuqing.SimpleGames;
				PRODUCT_NAME = "$(TARGET_NAME)";
				SWIFT_VERSION = 4.0;
				TARGETED_DEVICE_FAMILY = 1;
			};
			name = Debug;
		};
		495116251F8FB4BF00429417 /* Release */ = {
			isa = XCBuildConfiguration;
			buildSettings = {
				ASSETCATALOG_COMPILER_APPICON_NAME = AppIcon;
				CODE_SIGN_STYLE = Automatic;
				DEVELOPMENT_TEAM = NBL9PB7UR2;
				INFOPLIST_FILE = SimpleGames/Info.plist;
				IPHONEOS_DEPLOYMENT_TARGET = 10.0;
				LD_RUNPATH_SEARCH_PATHS = "$(inherited) @executable_path/Frameworks";
				PRODUCT_BUNDLE_IDENTIFIER = liuqing.SimpleGames;
				PRODUCT_NAME = "$(TARGET_NAME)";
				SWIFT_VERSION = 4.0;
				TARGETED_DEVICE_FAMILY = 1;
			};
			name = Release;
		};
/* End XCBuildConfiguration section */

/* Begin XCConfigurationList section */
		4951160C1F8FB4BF00429417 /* Build configuration list for PBXProject "SimpleGames" */ = {
			isa = XCConfigurationList;
			buildConfigurations = (
				495116211F8FB4BF00429417 /* Debug */,
				495116221F8FB4BF00429417 /* Release */,
			);
			defaultConfigurationIsVisible = 0;
			defaultConfigurationName = Release;
		};
		495116231F8FB4BF00429417 /* Build configuration list for PBXNativeTarget "SimpleGames" */ = {
			isa = XCConfigurationList;
			buildConfigurations = (
				495116241F8FB4BF00429417 /* Debug */,
				495116251F8FB4BF00429417 /* Release */,
			);
			defaultConfigurationIsVisible = 0;
			defaultConfigurationName = Release;
		};
/* End XCConfigurationList section */
	};
	rootObject = 495116091F8FB4BF00429417 /* Project object */;
}
